{
  "skills": {
    "adversarial-review-panel": {
      "description_sha256": "b317b0f0a3caf036a7fbc818ada8c2f0b475835e45effefe471f235daf8dc5a6",
      "disciplines": [
        "adversarial-review-panel"
      ],
      "emitted": [
        ".claude/skills/adversarial-review-panel/SKILL.md",
        ".claude/skills/adversarial-review-panel/references/panel-seat.schema.json",
        ".opencode/skill/adversarial-review-panel/SKILL.md",
        ".opencode/skill/adversarial-review-panel/references/panel-seat.schema.json"
      ],
      "sources": {
        "SKILL.md": "1fc2a78b95a6484136731adec1a67edfef47bade9741de7322d9f2ea0a7d881b",
        "references/panel-seat.schema.json": "e5daccc3ac8126e65d1f958223d90638535c506fd957ac6aacd4996d4de0a7e1"
      }
    },
    "brownfield-adoption": {
      "description_sha256": "c0ed0f93e2c689b9e0ab60fb79ae44093de0fec08a9cedf789aa95a0c31094e6",
      "disciplines": [],
      "emitted": [
        ".claude/skills/brownfield-adoption/SKILL.md",
        ".opencode/skill/brownfield-adoption/SKILL.md"
      ],
      "sources": {
        "SKILL.md": "6fa23b54dd57a0c99318aa1f10bed51c1ee5669e8f8ffde96ae179e540afc4cb"
      }
    },
    "clarify": {
      "description_sha256": "ad8ae128b2885d0089955d36857b0c0ed5ca7fba2bb69f4fd2e6f07b9845299a",
      "disciplines": [
        "clarify"
      ],
      "emitted": [
        ".claude/skills/clarify/SKILL.md",
        ".opencode/skill/clarify/SKILL.md"
      ],
      "sources": {
        "SKILL.md": "8de86f2179d3d156509dbb64d00e04069b5aa742e02d3231301b510cb8db8a48"
      }
    },
    "context-budget": {
      "description_sha256": "2e6889912653c64b41ab9c0020e99fc3c2d66f2b9d924fbd5a89b288105b21f4",
      "disciplines": [],
      "emitted": [
        ".claude/skills/context-budget/SKILL.md",
        ".opencode/skill/context-budget/SKILL.md"
      ],
      "sources": {
        "SKILL.md": "35b366812eaa80dbe4652d7b4c7a90b6ce98fa25bd8587afa5b008bc88d50fcb"
      }
    },
    "data-contracts": {
      "description_sha256": "a56705a656ed4bca2c138f9a3e9c9c13daba62443006c46fe4ccd0785c5d4288",
      "disciplines": [],
      "emitted": [
        ".claude/skills/data-contracts/SKILL.md",
        ".opencode/skill/data-contracts/SKILL.md"
      ],
      "sources": {
        "SKILL.md": "576f97f0004b552719b9ff68c6a6bd6073e017da4e5e24e0880e8df2cf5c2768"
      }
    },
    "diagnose": {
      "description_sha256": "559cc5c8b8bf2cf014a09ca0e441a4638a226a85ad0b7466608c3637a658c345",
      "disciplines": [
        "diagnose"
      ],
      "emitted": [
        ".claude/skills/diagnose/SKILL.md",
        ".opencode/skill/diagnose/SKILL.md"
      ],
      "sources": {
        "SKILL.md": "78a96bea55e29b359f5a185fdd1e0e2f35f60d9e5568ef543fa12b9df36b199a"
      }
    },
    "docs-upkeep": {
      "description_sha256": "263304a8340a28fc37025b6c142d71cd2c5befd2b8cd8e2960ae177ae0c9a1fc",
      "disciplines": [],
      "emitted": [
        ".claude/skills/docs-upkeep/SKILL.md",
        ".opencode/skill/docs-upkeep/SKILL.md"
      ],
      "sources": {
        "SKILL.md": "cc04e10aadb52fc40500c5214c2ee0b75a1febeb8f57e2d2a2686cd5bc425971"
      }
    },
    "domain-modeling": {
      "description_sha256": "cd74706a0041e2910648644a29402099e294050e59131d60a8ee7a9982227207",
      "disciplines": [
        "domain-modeling"
      ],
      "emitted": [
        ".claude/skills/domain-modeling/SKILL.md",
        ".opencode/skill/domain-modeling/SKILL.md"
      ],
      "sources": {
        "SKILL.md": "6592d324674b4b19c7b9c4ee4da1ce29b60beed51b172d2d8a42081d21298181"
      }
    },
    "fan-out-synthesize": {
      "description_sha256": "594ce849eec938426ac4de297bcd03ab53c105cdb17673b528cf00ffcf083c15",
      "disciplines": [],
      "emitted": [
        ".claude/skills/fan-out-synthesize/SKILL.md",
        ".claude/skills/fan-out-synthesize/references/fan-out-return.schema.json",
        ".opencode/skill/fan-out-synthesize/SKILL.md",
        ".opencode/skill/fan-out-synthesize/references/fan-out-return.schema.json"
      ],
      "sources": {
        "SKILL.md": "21780bbf18790509a9f3313c701c7140a6ee7bdd856720b63f3d8940394809da",
        "references/fan-out-return.schema.json": "0bab99f200e089e717d72b12e8aed68a054ce9929481c034bf619c9c8c7f002d"
      }
    },
    "gate-model": {
      "description_sha256": "9e18228eb41774acffc00ca582d67c9dff08d4c00c483ef14930b17f4b8729e7",
      "disciplines": [],
      "emitted": [
        ".claude/skills/gate-model/SKILL.md",
        ".opencode/skill/gate-model/SKILL.md"
      ],
      "sources": {
        "SKILL.md": "bd9e8386f5dd80e5b72b082ff678c042832c8886d7d78621866916c072aa84c7"
      }
    },
    "golden-debug": {
      "description_sha256": "6c091c1846441443b850649ab540b4f7b7c55ad192b24e32919801b85c015bfd",
      "disciplines": [],
      "emitted": [
        ".claude/skills/golden-debug/SKILL.md",
        ".claude/skills/golden-debug/references/canonicalization-axes.md",
        ".opencode/skill/golden-debug/SKILL.md",
        ".opencode/skill/golden-debug/references/canonicalization-axes.md"
      ],
      "sources": {
        "SKILL.md": "daddfac262a52d9123f86000dd37a478dc7febe80d7417f7c172ab8f41f13f27",
        "references/canonicalization-axes.md": "56812ba0f2347265d3e89b6aecf433e8e77da58e85f0c010ba26307598ac6350"
      }
    },
    "golden-testing": {
      "description_sha256": "1a77f0eb32c19f5a23fd0c847d2f6914f1a77d99d1c47d54523c4d0970e7f409",
      "disciplines": [],
      "emitted": [
        ".claude/skills/golden-testing/SKILL.md",
        ".opencode/skill/golden-testing/SKILL.md"
      ],
      "sources": {
        "SKILL.md": "f5418ad44f25d3b5e664c2ecc586c401f99f7d3e40b4054ea9a3d9b416b5c591"
      }
    },
    "pipeline-map": {
      "description_sha256": "b8a064c976c394f70842502077e4e81c3974bc9ad1330a842916d9758d1d09f4",
      "disciplines": [],
      "emitted": [
        ".claude/skills/pipeline-map/SKILL.md",
        ".opencode/skill/pipeline-map/SKILL.md"
      ],
      "sources": {
        "SKILL.md": "8927abd9877eded211611adb7e979636677cabf705342fa5a019572cb1aaf9c0"
      }
    },
    "polyglot-boundary": {
      "description_sha256": "ba62ffd8b03d1121d91a95b386e0d3a551d09c10345bdd2dd60262ac0d5fc1d4",
      "disciplines": [],
      "emitted": [
        ".claude/skills/polyglot-boundary/SKILL.md",
        ".claude/skills/polyglot-boundary/references/canonicalization-table.md",
        ".opencode/skill/polyglot-boundary/SKILL.md",
        ".opencode/skill/polyglot-boundary/references/canonicalization-table.md"
      ],
      "sources": {
        "SKILL.md": "a70a8ff74bde20c10dc558d29be4fcab6f6b715b3995832c9ad612038d83be0c",
        "references/canonicalization-table.md": "cb7a002fe7ba2d6926dcebdee55644078f6e02075fb7ea1ba9ba4596c52b0382"
      }
    },
    "python-conventions": {
      "description_sha256": "03e561280a0777886c868fd911dd4f41996709df6ffd1619a4cbc842d987bddd",
      "disciplines": [],
      "emitted": [
        ".claude/skills/python-conventions/SKILL.md",
        ".opencode/skill/python-conventions/SKILL.md"
      ],
      "sources": {
        "SKILL.md": "e1a47d383ea6b5093147bd7d6d6b2b3a6288b877ceaf20ad8602ec8fc4ddbd89"
      }
    },
    "skill-creator": {
      "description_sha256": "cd9b836173a7b685304eabdb916442502a4b3688403d051f41fffd2c93e2ede7",
      "disciplines": [],
      "emitted": [
        ".claude/skills/skill-creator/SKILL.md",
        ".opencode/skill/skill-creator/SKILL.md"
      ],
      "sources": {
        "SKILL.md": "3a84fbce321a7c86faedd71323cea6548e70cfba373e45d72bdc0665f5f485f6"
      }
    },
    "test-driven-change": {
      "description_sha256": "4906de6d90ba853807f7f51caa7a0cb81c11e970d7f705b2209d78d1fcb99efd",
      "disciplines": [
        "test-driven-change"
      ],
      "emitted": [
        ".claude/skills/test-driven-change/SKILL.md",
        ".opencode/skill/test-driven-change/SKILL.md"
      ],
      "sources": {
        "SKILL.md": "f00c13b3b2f1eeb798cb6adabea3053c803b31ea5d123449049d3c1abcf2a768"
      }
    },
    "two-plane-memory": {
      "description_sha256": "7888e6f802bffd2d9f4b029e507afbeb287e25684b9551a4322362d80f18c15f",
      "disciplines": [],
      "emitted": [
        ".claude/skills/two-plane-memory/SKILL.md",
        ".opencode/skill/two-plane-memory/SKILL.md"
      ],
      "sources": {
        "SKILL.md": "e18164197dee0c00395c7e017a5280d46ee8a4998c06ae62569704b8d6951629"
      }
    }
  },
  "tool": "tools.skill_registry",
  "version": 1
}
